// !$*UTF8*$!
{
	archiveVersion = 1;
	classes = {
	};
	objectVersion = 46;
	objects = {

/* Begin PBXBuildFile section */
		C4087B141CDD749D005E7D11 /* ImageBlendViewController.swift in Sources */ = {isa = PBXBuildFile; fileRef = C4087B131CDD749D005E7D11 /* ImageBlendViewController.swift */; };
		C408FE0C1C34DDAD005DDD99 /* PYDropMenuViewController.swift in Sources */ = {isa = PBXBuildFile; fileRef = C408FE0B1C34DDAD005DDD99 /* PYDropMenuViewController.swift */; };
		C408FE111C3A7D9F005DDD99 /* AnimationsViewController.swift in Sources */ = {isa = PBXBuildFile; fileRef = C408FE101C3A7D9F005DDD99 /* AnimationsViewController.swift */; };
		C4229CBA1CBDE2A3002E22AD /* DrawViewController.swift in Sources */ = {isa = PBXBuildFile; fileRef = C4229CB91CBDE2A3002E22AD /* DrawViewController.swift */; };
		C431DA811C523218001A22D6 /* NeedsDisplayForKeyViewController.swift in Sources */ = {isa = PBXBuildFile; fileRef = C431DA801C523218001A22D6 /* NeedsDisplayForKeyViewController.swift */; };
		C43A21531C322A7B00C8B68A /* RWAutoLayoutViewController.swift in Sources */ = {isa = PBXBuildFile; fileRef = C43A21521C322A7B00C8B68A /* RWAutoLayoutViewController.swift */; };
		C43A21551C323D9D00C8B68A /* RWGalleryViewController.swift in Sources */ = {isa = PBXBuildFile; fileRef = C43A21541C323D9D00C8B68A /* RWGalleryViewController.swift */; };
		C43A21571C33787700C8B68A /* PracticeListViewController.swift in Sources */ = {isa = PBXBuildFile; fileRef = C43A21561C33787700C8B68A /* PracticeListViewController.swift */; };
		C43B033D1C2F8235001D0B9D /* WHEqualViewController.swift in Sources */ = {isa = PBXBuildFile; fileRef = C43B033C1C2F8235001D0B9D /* WHEqualViewController.swift */; };
		C47CDEE01C675A3200CAC73E /* GradientViewController.swift in Sources */ = {isa = PBXBuildFile; fileRef = C47CDEDF1C675A3200CAC73E /* GradientViewController.swift */; };
		C47CDEE21C675B8700CAC73E /* SwiftHEXColors.swift in Sources */ = {isa = PBXBuildFile; fileRef = C47CDEE11C675B8700CAC73E /* SwiftHEXColors.swift */; };
		C47CDF281C734F5400CAC73E /* SearchBarViewController.swift in Sources */ = {isa = PBXBuildFile; fileRef = C47CDF271C734F5400CAC73E /* SearchBarViewController.swift */; };
		C48F44071C3F5F03006FB08D /* ClockAnimationViewController.swift in Sources */ = {isa = PBXBuildFile; fileRef = C48F44061C3F5F03006FB08D /* ClockAnimationViewController.swift */; };
		C48F44091C412296006FB08D /* UIKitDynamicsViewController.swift in Sources */ = {isa = PBXBuildFile; fileRef = C48F44081C412295006FB08D /* UIKitDynamicsViewController.swift */; };
		C48F440B1C4209D1006FB08D /* UserGuideViewController.swift in Sources */ = {isa = PBXBuildFile; fileRef = C48F440A1C4209D1006FB08D /* UserGuideViewController.swift */; };
		C48F440D1C43CA75006FB08D /* SpringAnimationViewController.swift in Sources */ = {isa = PBXBuildFile; fileRef = C48F440C1C43CA75006FB08D /* SpringAnimationViewController.swift */; };
		C4987FE81C27E96E001F5A62 /* AppDelegate.swift in Sources */ = {isa = PBXBuildFile; fileRef = C4987FE71C27E96E001F5A62 /* AppDelegate.swift */; };
		C4987FEA1C27E96E001F5A62 /* ViewController.swift in Sources */ = {isa = PBXBuildFile; fileRef = C4987FE91C27E96E001F5A62 /* ViewController.swift */; };
		C4987FEF1C27E96E001F5A62 /* Assets.xcassets in Resources */ = {isa = PBXBuildFile; fileRef = C4987FEE1C27E96E001F5A62 /* Assets.xcassets */; };
		C49880081C27E99A001F5A62 /* Constraint.swift in Sources */ = {isa = PBXBuildFile; fileRef = C4987FFA1C27E99A001F5A62 /* Constraint.swift */; };
		C49880091C27E99A001F5A62 /* ConstraintAttributes.swift in Sources */ = {isa = PBXBuildFile; fileRef = C4987FFB1C27E99A001F5A62 /* ConstraintAttributes.swift */; };
		C498800A1C27E99A001F5A62 /* ConstraintDescription.swift in Sources */ = {isa = PBXBuildFile; fileRef = C4987FFC1C27E99A001F5A62 /* ConstraintDescription.swift */; };
		C498800B1C27E99A001F5A62 /* ConstraintItem.swift in Sources */ = {isa = PBXBuildFile; fileRef = C4987FFD1C27E99A001F5A62 /* ConstraintItem.swift */; };
		C498800C1C27E99A001F5A62 /* ConstraintMaker.swift in Sources */ = {isa = PBXBuildFile; fileRef = C4987FFE1C27E99A001F5A62 /* ConstraintMaker.swift */; };
		C498800D1C27E99A001F5A62 /* ConstraintRelation.swift in Sources */ = {isa = PBXBuildFile; fileRef = C4987FFF1C27E99A001F5A62 /* ConstraintRelation.swift */; };
		C498800E1C27E99A001F5A62 /* Debugging.swift in Sources */ = {isa = PBXBuildFile; fileRef = C49880001C27E99A001F5A62 /* Debugging.swift */; };
		C498800F1C27E99A001F5A62 /* EdgeInsets.swift in Sources */ = {isa = PBXBuildFile; fileRef = C49880011C27E99A001F5A62 /* EdgeInsets.swift */; };
		C49880101C27E99A001F5A62 /* LayoutConstraint.swift in Sources */ = {isa = PBXBuildFile; fileRef = C49880021C27E99A001F5A62 /* LayoutConstraint.swift */; };
		C49880111C27E99A001F5A62 /* SnapKit.swift in Sources */ = {isa = PBXBuildFile; fileRef = C49880041C27E99A001F5A62 /* SnapKit.swift */; };
		C49880121C27E99A001F5A62 /* SourceLocation.swift in Sources */ = {isa = PBXBuildFile; fileRef = C49880051C27E99A001F5A62 /* SourceLocation.swift */; };
		C49880131C27E99A001F5A62 /* View+SnapKit.swift in Sources */ = {isa = PBXBuildFile; fileRef = C49880061C27E99A001F5A62 /* View+SnapKit.swift */; };
		C49880141C27E99A001F5A62 /* ViewController+SnapKit.swift in Sources */ = {isa = PBXBuildFile; fileRef = C49880071C27E99A001F5A62 /* ViewController+SnapKit.swift */; };
		C4A1F2311C3CB04900D87FF3 /* AnimationExplainedViewController.swift in Sources */ = {isa = PBXBuildFile; fileRef = C4A1F2301C3CB04900D87FF3 /* AnimationExplainedViewController.swift */; };
		C4A401E31CB0C40C00846822 /* YYPageBarStripViewController.swift in Sources */ = {isa = PBXBuildFile; fileRef = C4A401E21CB0C40C00846822 /* YYPageBarStripViewController.swift */; };
		C4F9E96C1CA651890047565A /* IntrinsicContentViewController.swift in Sources */ = {isa = PBXBuildFile; fileRef = C4F9E96B1CA651890047565A /* IntrinsicContentViewController.swift */; };
		C4F9E96E1CA6C97E0047565A /* TagViewController.swift in Sources */ = {isa = PBXBuildFile; fileRef = C4F9E96D1CA6C97E0047565A /* TagViewController.swift */; };
/* End PBXBuildFile section */

/* Begin PBXFileReference section */
		C4087B131CDD749D005E7D11 /* ImageBlendViewController.swift */ = {isa = PBXFileReference; fileEncoding = 4; lastKnownFileType = sourcecode.swift; name = ImageBlendViewController.swift; path = ImageBlendViewController.swift; sourceTree = "<group>"; };
		C408FE0B1C34DDAD005DDD99 /* PYDropMenuViewController.swift */ = {isa = PBXFileReference; fileEncoding = 4; lastKnownFileType = sourcecode.swift; name = PYDropMenuViewController.swift; path = PYDropMenuViewController.swift; sourceTree = "<group>"; };
		C408FE0D1C34EC54005DDD99 /* learnSwift.playground */ = {isa = PBXFileReference; lastKnownFileType = file.playground; name = learnSwift.playground; path = learnSwift.playground; sourceTree = "<group>"; };
		C408FE101C3A7D9F005DDD99 /* AnimationsViewController.swift */ = {isa = PBXFileReference; fileEncoding = 4; lastKnownFileType = sourcecode.swift; name = AnimationsViewController.swift; path = AnimationsViewController.swift; sourceTree = "<group>"; };
		C4229CB91CBDE2A3002E22AD /* DrawViewController.swift */ = {isa = PBXFileReference; fileEncoding = 4; lastKnownFileType = sourcecode.swift; name = DrawViewController.swift; path = DrawViewController.swift; sourceTree = "<group>"; };
		C431DA801C523218001A22D6 /* NeedsDisplayForKeyViewController.swift */ = {isa = PBXFileReference; fileEncoding = 4; lastKnownFileType = sourcecode.swift; name = NeedsDisplayForKeyViewController.swift; path = NeedsDisplayForKeyViewController.swift; sourceTree = "<group>"; };
		C43A21521C322A7B00C8B68A /* RWAutoLayoutViewController.swift */ = {isa = PBXFileReference; fileEncoding = 4; lastKnownFileType = sourcecode.swift; name = RWAutoLayoutViewController.swift; path = RWAutoLayoutViewController.swift; sourceTree = "<group>"; };
		C43A21541C323D9D00C8B68A /* RWGalleryViewController.swift */ = {isa = PBXFileReference; fileEncoding = 4; lastKnownFileType = sourcecode.swift; name = RWGalleryViewController.swift; path = RWGalleryViewController.swift; sourceTree = "<group>"; };
		C43A21561C33787700C8B68A /* PracticeListViewController.swift */ = {isa = PBXFileReference; fileEncoding = 4; lastKnownFileType = sourcecode.swift; name = PracticeListViewController.swift; path = PracticeListViewController.swift; sourceTree = "<group>"; };
		C43B033C1C2F8235001D0B9D /* WHEqualViewController.swift */ = {isa = PBXFileReference; fileEncoding = 4; lastKnownFileType = sourcecode.swift; name = WHEqualViewController.swift; path = WHEqualViewController.swift; sourceTree = "<group>"; };
		C46C28351C8C4C6B00498BB1 /* compute.playground */ = {isa = PBXFileReference; lastKnownFileType = file.playground; path = compute.playground; sourceTree = "<group>"; };
		C46C28CB1C99024600498BB1 /* exercise.playground */ = {isa = PBXFileReference; lastKnownFileType = file.playground; name = exercise.playground; path = exercise.playground; sourceTree = "<group>"; };
		C47CDEDF1C675A3200CAC73E /* GradientViewController.swift */ = {isa = PBXFileReference; fileEncoding = 4; lastKnownFileType = sourcecode.swift; name = GradientViewController.swift; path = GradientViewController.swift; sourceTree = "<group>"; };
		C47CDEE11C675B8700CAC73E /* SwiftHEXColors.swift */ = {isa = PBXFileReference; fileEncoding = 4; lastKnownFileType = sourcecode.swift; path = SwiftHEXColors.swift; sourceTree = "<group>"; };
		C47CDF271C734F5400CAC73E /* SearchBarViewController.swift */ = {isa = PBXFileReference; fileEncoding = 4; lastKnownFileType = sourcecode.swift; name = SearchBarViewController.swift; path = SearchBarViewController.swift; sourceTree = "<group>"; };
		C48F44061C3F5F03006FB08D /* ClockAnimationViewController.swift */ = {isa = PBXFileReference; fileEncoding = 4; lastKnownFileType = sourcecode.swift; name = ClockAnimationViewController.swift; path = ClockAnimationViewController.swift; sourceTree = "<group>"; };
		C48F44081C412295006FB08D /* UIKitDynamicsViewController.swift */ = {isa = PBXFileReference; fileEncoding = 4; lastKnownFileType = sourcecode.swift; name = UIKitDynamicsViewController.swift; path = UIKitDynamicsViewController.swift; sourceTree = "<group>"; };
		C48F440A1C4209D1006FB08D /* UserGuideViewController.swift */ = {isa = PBXFileReference; fileEncoding = 4; lastKnownFileType = sourcecode.swift; name = UserGuideViewController.swift; path = UserGuideViewController.swift; sourceTree = "<group>"; };
		C48F440C1C43CA75006FB08D /* SpringAnimationViewController.swift */ = {isa = PBXFileReference; fileEncoding = 4; lastKnownFileType = sourcecode.swift; name = SpringAnimationViewController.swift; path = SpringAnimationViewController.swift; sourceTree = "<group>"; };
		C4987FE41C27E96E001F5A62 /* SnapKitDemo.app */ = {isa = PBXFileReference; explicitFileType = wrapper.application; includeInIndex = 0; path = SnapKitDemo.app; sourceTree = BUILT_PRODUCTS_DIR; };
		C4987FE71C27E96E001F5A62 /* AppDelegate.swift */ = {isa = PBXFileReference; lastKnownFileType = sourcecode.swift; path = AppDelegate.swift; sourceTree = "<group>"; };
		C4987FE91C27E96E001F5A62 /* ViewController.swift */ = {isa = PBXFileReference; lastKnownFileType = sourcecode.swift; path = ViewController.swift; sourceTree = "<group>"; };
		C4987FEE1C27E96E001F5A62 /* Assets.xcassets */ = {isa = PBXFileReference; lastKnownFileType = folder.assetcatalog; path = Assets.xcassets; sourceTree = "<group>"; };
		C4987FF31C27E96E001F5A62 /* Info.plist */ = {isa = PBXFileReference; lastKnownFileType = text.plist.xml; path = Info.plist; sourceTree = "<group>"; };
		C4987FFA1C27E99A001F5A62 /* Constraint.swift */ = {isa = PBXFileReference; fileEncoding = 4; lastKnownFileType = sourcecode.swift; path = Constraint.swift; sourceTree = "<group>"; };
		C4987FFB1C27E99A001F5A62 /* ConstraintAttributes.swift */ = {isa = PBXFileReference; fileEncoding = 4; lastKnownFileType = sourcecode.swift; path = ConstraintAttributes.swift; sourceTree = "<group>"; };
		C4987FFC1C27E99A001F5A62 /* ConstraintDescription.swift */ = {isa = PBXFileReference; fileEncoding = 4; lastKnownFileType = sourcecode.swift; path = ConstraintDescription.swift; sourceTree = "<group>"; };
		C4987FFD1C27E99A001F5A62 /* ConstraintItem.swift */ = {isa = PBXFileReference; fileEncoding = 4; lastKnownFileType = sourcecode.swift; path = ConstraintItem.swift; sourceTree = "<group>"; };
		C4987FFE1C27E99A001F5A62 /* ConstraintMaker.swift */ = {isa = PBXFileReference; fileEncoding = 4; lastKnownFileType = sourcecode.swift; path = ConstraintMaker.swift; sourceTree = "<group>"; };
		C4987FFF1C27E99A001F5A62 /* ConstraintRelation.swift */ = {isa = PBXFileReference; fileEncoding = 4; lastKnownFileType = sourcecode.swift; path = ConstraintRelation.swift; sourceTree = "<group>"; };
		C49880001C27E99A001F5A62 /* Debugging.swift */ = {isa = PBXFileReference; fileEncoding = 4; lastKnownFileType = sourcecode.swift; path = Debugging.swift; sourceTree = "<group>"; };
		C49880011C27E99A001F5A62 /* EdgeInsets.swift */ = {isa = PBXFileReference; fileEncoding = 4; lastKnownFileType = sourcecode.swift; path = EdgeInsets.swift; sourceTree = "<group>"; };
		C49880021C27E99A001F5A62 /* LayoutConstraint.swift */ = {isa = PBXFileReference; fileEncoding = 4; lastKnownFileType = sourcecode.swift; path = LayoutConstraint.swift; sourceTree = "<group>"; };
		C49880031C27E99A001F5A62 /* SnapKit.h */ = {isa = PBXFileReference; fileEncoding = 4; lastKnownFileType = sourcecode.c.h; path = SnapKit.h; sourceTree = "<group>"; };
		C49880041C27E99A001F5A62 /* SnapKit.swift */ = {isa = PBXFileReference; fileEncoding = 4; lastKnownFileType = sourcecode.swift; path = SnapKit.swift; sourceTree = "<group>"; };
		C49880051C27E99A001F5A62 /* SourceLocation.swift */ = {isa = PBXFileReference; fileEncoding = 4; lastKnownFileType = sourcecode.swift; path = SourceLocation.swift; sourceTree = "<group>"; };
		C49880061C27E99A001F5A62 /* View+SnapKit.swift */ = {isa = PBXFileReference; fileEncoding = 4; lastKnownFileType = sourcecode.swift; path = "View+SnapKit.swift"; sourceTree = "<group>"; };
		C49880071C27E99A001F5A62 /* ViewController+SnapKit.swift */ = {isa = PBXFileReference; fileEncoding = 4; lastKnownFileType = sourcecode.swift; path = "ViewController+SnapKit.swift"; sourceTree = "<group>"; };
		C49BFD341CC358C0004C9F9A /* swiftTour.playground */ = {isa = PBXFileReference; lastKnownFileType = file.playground; path = swiftTour.playground; sourceTree = "<group>"; };
		C4A1F2301C3CB04900D87FF3 /* AnimationExplainedViewController.swift */ = {isa = PBXFileReference; fileEncoding = 4; lastKnownFileType = sourcecode.swift; name = AnimationExplainedViewController.swift; path = AnimationExplainedViewController.swift; sourceTree = "<group>"; };
		C4A401E21CB0C40C00846822 /* YYPageBarStripViewController.swift */ = {isa = PBXFileReference; fileEncoding = 4; lastKnownFileType = sourcecode.swift; name = YYPageBarStripViewController.swift; path = YYPageBarStripViewController.swift; sourceTree = "<group>"; };
		C4E0F22B1CC22FB900FAF316 /* takestep.playground */ = {isa = PBXFileReference; lastKnownFileType = file.playground; path = takestep.playground; sourceTree = "<group>"; };
		C4F9E96B1CA651890047565A /* IntrinsicContentViewController.swift */ = {isa = PBXFileReference; fileEncoding = 4; lastKnownFileType = sourcecode.swift; name = IntrinsicContentViewController.swift; path = IntrinsicContentViewController.swift; sourceTree = "<group>"; };
		C4F9E96D1CA6C97E0047565A /* TagViewController.swift */ = {isa = PBXFileReference; fileEncoding = 4; lastKnownFileType = sourcecode.swift; path = TagViewController.swift; sourceTree = "<group>"; };
/* End PBXFileReference section */

/* Begin PBXFrameworksBuildPhase section */
		C4987FE11C27E96E001F5A62 /* Frameworks */ = {
			isa = PBXFrameworksBuildPhase;
			buildActionMask = 2147483647;
			files = (
			);
			runOnlyForDeploymentPostprocessing = 0;
		};
/* End PBXFrameworksBuildPhase section */

/* Begin PBXGroup section */
		C4987FDB1C27E96E001F5A62 = {
			isa = PBXGroup;
			children = (
				C4987FE61C27E96E001F5A62 /* SnapKitDemo */,
				C4987FE51C27E96E001F5A62 /* Products */,
			);
			sourceTree = "<group>";
		};
		C4987FE51C27E96E001F5A62 /* Products */ = {
			isa = PBXGroup;
			children = (
				C4987FE41C27E96E001F5A62 /* SnapKitDemo.app */,
			);
			name = Products;
			sourceTree = "<group>";
		};
		C4987FE61C27E96E001F5A62 /* SnapKitDemo */ = {
			isa = PBXGroup;
			children = (
				C4987FF91C27E99A001F5A62 /* SnapKit */,
				C4987FE71C27E96E001F5A62 /* AppDelegate.swift */,
				C43A21561C33787700C8B68A /* PracticeListViewController.swift */,
				C4987FE91C27E96E001F5A62 /* ViewController.swift */,
				C43B033C1C2F8235001D0B9D /* WHEqualViewController.swift */,
				C43A21521C322A7B00C8B68A /* RWAutoLayoutViewController.swift */,
				C43A21541C323D9D00C8B68A /* RWGalleryViewController.swift */,
				C408FE0B1C34DDAD005DDD99 /* PYDropMenuViewController.swift */,
				C408FE101C3A7D9F005DDD99 /* AnimationsViewController.swift */,
				C4A1F2301C3CB04900D87FF3 /* AnimationExplainedViewController.swift */,
				C48F44061C3F5F03006FB08D /* ClockAnimationViewController.swift */,
				C48F44081C412295006FB08D /* UIKitDynamicsViewController.swift */,
				C48F440A1C4209D1006FB08D /* UserGuideViewController.swift */,
				C48F440C1C43CA75006FB08D /* SpringAnimationViewController.swift */,
				C431DA801C523218001A22D6 /* NeedsDisplayForKeyViewController.swift */,
				C47CDEDF1C675A3200CAC73E /* GradientViewController.swift */,
				C47CDF271C734F5400CAC73E /* SearchBarViewController.swift */,
				C4F9E96B1CA651890047565A /* IntrinsicContentViewController.swift */,
				C4F9E96D1CA6C97E0047565A /* TagViewController.swift */,
				C4A401E21CB0C40C00846822 /* YYPageBarStripViewController.swift */,
				C4229CB91CBDE2A3002E22AD /* DrawViewController.swift */,
				C4087B131CDD749D005E7D11 /* ImageBlendViewController.swift */,
				C4987FEE1C27E96E001F5A62 /* Assets.xcassets */,
				C4987FF31C27E96E001F5A62 /* Info.plist */,
				C408FE0D1C34EC54005DDD99 /* learnSwift.playground */,
				C47CDEE11C675B8700CAC73E /* SwiftHEXColors.swift */,
				C46C28351C8C4C6B00498BB1 /* compute.playground */,
				C46C28CB1C99024600498BB1 /* exercise.playground */,
				C4E0F22B1CC22FB900FAF316 /* takestep.playground */,
				C49BFD341CC358C0004C9F9A /* swiftTour.playground */,
			);
			path = SnapKitDemo;
			sourceTree = "<group>";
		};
		C4987FF91C27E99A001F5A62 /* SnapKit */ = {
			isa = PBXGroup;
			children = (
				C4987FFA1C27E99A001F5A62 /* Constraint.swift */,
				C4987FFB1C27E99A001F5A62 /* ConstraintAttributes.swift */,
				C4987FFC1C27E99A001F5A62 /* ConstraintDescription.swift */,
				C4987FFD1C27E99A001F5A62 /* ConstraintItem.swift */,
				C4987FFE1C27E99A001F5A62 /* ConstraintMaker.swift */,
				C4987FFF1C27E99A001F5A62 /* ConstraintRelation.swift */,
				C49880001C27E99A001F5A62 /* Debugging.swift */,
				C49880011C27E99A001F5A62 /* EdgeInsets.swift */,
				C49880021C27E99A001F5A62 /* LayoutConstraint.swift */,
				C49880031C27E99A001F5A62 /* SnapKit.h */,
				C49880041C27E99A001F5A62 /* SnapKit.swift */,
				C49880051C27E99A001F5A62 /* SourceLocation.swift */,
				C49880061C27E99A001F5A62 /* View+SnapKit.swift */,
				C49880071C27E99A001F5A62 /* ViewController+SnapKit.swift */,
			);
			path = SnapKit;
			sourceTree = "<group>";
		};
/* End PBXGroup section */

/* Begin PBXNativeTarget section */
		C4987FE31C27E96E001F5A62 /* SnapKitDemo */ = {
			isa = PBXNativeTarget;
			buildConfigurationList = C4987FF61C27E96E001F5A62 /* Build configuration list for PBXNativeTarget "SnapKitDemo" */;
			buildPhases = (
				C4987FE01C27E96E001F5A62 /* Sources */,
				C4987FE11C27E96E001F5A62 /* Frameworks */,
				C4987FE21C27E96E001F5A62 /* Resources */,
			);
			buildRules = (
			);
			dependencies = (
			);
			name = SnapKitDemo;
			productName = SnapKitDemo;
			productReference = C4987FE41C27E96E001F5A62 /* SnapKitDemo.app */;
			productType = "com.apple.product-type.application";
		};
/* End PBXNativeTarget section */

/* Begin PBXProject section */
		C4987FDC1C27E96E001F5A62 /* Project object */ = {
			isa = PBXProject;
			attributes = {
				LastSwiftUpdateCheck = 0720;
				LastUpgradeCheck = 0720;
				ORGANIZATIONNAME = bob;
				TargetAttributes = {
					C4987FE31C27E96E001F5A62 = {
						CreatedOnToolsVersion = 7.2;
						DevelopmentTeam = 4BMBQ567ZQ;
					};
				};
			};
			buildConfigurationList = C4987FDF1C27E96E001F5A62 /* Build configuration list for PBXProject "SnapKitDemo" */;
			compatibilityVersion = "Xcode 3.2";
			developmentRegion = English;
			hasScannedForEncodings = 0;
			knownRegions = (
				en,
				Base,
			);
			mainGroup = C4987FDB1C27E96E001F5A62;
			productRefGroup = C4987FE51C27E96E001F5A62 /* Products */;
			projectDirPath = "";
			projectRoot = "";
			targets = (
				C4987FE31C27E96E001F5A62 /* SnapKitDemo */,
			);
		};
/* End PBXProject section */

/* Begin PBXResourcesBuildPhase section */
		C4987FE21C27E96E001F5A62 /* Resources */ = {
			isa = PBXResourcesBuildPhase;
			buildActionMask = 2147483647;
			files = (
				C4987FEF1C27E96E001F5A62 /* Assets.xcassets in Resources */,
			);
			runOnlyForDeploymentPostprocessing = 0;
		};
/* End PBXResourcesBuildPhase section */

/* Begin PBXSourcesBuildPhase section */
		C4987FE01C27E96E001F5A62 /* Sources */ = {
			isa = PBXSourcesBuildPhase;
			buildActionMask = 2147483647;
			files = (
				C408FE111C3A7D9F005DDD99 /* AnimationsViewController.swift in Sources */,
				C49880081C27E99A001F5A62 /* Constraint.swift in Sources */,
				C4229CBA1CBDE2A3002E22AD /* DrawViewController.swift in Sources */,
				C431DA811C523218001A22D6 /* NeedsDisplayForKeyViewController.swift in Sources */,
				C49880101C27E99A001F5A62 /* LayoutConstraint.swift in Sources */,
				C498800E1C27E99A001F5A62 /* Debugging.swift in Sources */,
				C498800F1C27E99A001F5A62 /* EdgeInsets.swift in Sources */,
				C49880091C27E99A001F5A62 /* ConstraintAttributes.swift in Sources */,
				C4F9E96C1CA651890047565A /* IntrinsicContentViewController.swift in Sources */,
				C48F44071C3F5F03006FB08D /* ClockAnimationViewController.swift in Sources */,
				C47CDEE21C675B8700CAC73E /* SwiftHEXColors.swift in Sources */,
				C4087B141CDD749D005E7D11 /* ImageBlendViewController.swift in Sources */,
				C49880131C27E99A001F5A62 /* View+SnapKit.swift in Sources */,
				C48F440D1C43CA75006FB08D /* SpringAnimationViewController.swift in Sources */,
				C43A21571C33787700C8B68A /* PracticeListViewController.swift in Sources */,
				C4A401E31CB0C40C00846822 /* YYPageBarStripViewController.swift in Sources */,
				C4F9E96E1CA6C97E0047565A /* TagViewController.swift in Sources */,
				C4A1F2311C3CB04900D87FF3 /* AnimationExplainedViewController.swift in Sources */,
				C498800C1C27E99A001F5A62 /* ConstraintMaker.swift in Sources */,
				C48F44091C412296006FB08D /* UIKitDynamicsViewController.swift in Sources */,
				C43A21531C322A7B00C8B68A /* RWAutoLayoutViewController.swift in Sources */,
				C4987FEA1C27E96E001F5A62 /* ViewController.swift in Sources */,
				C48F440B1C4209D1006FB08D /* UserGuideViewController.swift in Sources */,
				C4987FE81C27E96E001F5A62 /* AppDelegate.swift in Sources */,
				C498800A1C27E99A001F5A62 /* ConstraintDescription.swift in Sources */,
				C49880121C27E99A001F5A62 /* SourceLocation.swift in Sources */,
				C43A21551C323D9D00C8B68A /* RWGalleryViewController.swift in Sources */,
				C498800D1C27E99A001F5A62 /* ConstraintRelation.swift in Sources */,
				C43B033D1C2F8235001D0B9D /* WHEqualViewController.swift in Sources */,
				C49880111C27E99A001F5A62 /* SnapKit.swift in Sources */,
				C47CDEE01C675A3200CAC73E /* GradientViewController.swift in Sources */,
				C47CDF281C734F5400CAC73E /* SearchBarViewController.swift in Sources */,
				C49880141C27E99A001F5A62 /* ViewController+SnapKit.swift in Sources */,
				C498800B1C27E99A001F5A62 /* ConstraintItem.swift in Sources */,
				C408FE0C1C34DDAD005DDD99 /* PYDropMenuViewController.swift in Sources */,
			);
			runOnlyForDeploymentPostprocessing = 0;
		};
/* End PBXSourcesBuildPhase section */

/* Begin XCBuildConfiguration section */
		C4987FF41C27E96E001F5A62 /* Debug */ = {
			isa = XCBuildConfiguration;
			buildSettings = {
				ALWAYS_SEARCH_USER_PATHS = NO;
				CLANG_CXX_LANGUAGE_STANDARD = "gnu++0x";
				CLANG_CXX_LIBRARY = "libc++";
				CLANG_ENABLE_MODULES = YES;
				CLANG_ENABLE_OBJC_ARC = YES;
				CLANG_WARN_BOOL_CONVERSION = YES;
				CLANG_WARN_CONSTANT_CONVERSION = YES;
				CLANG_WARN_DIRECT_OBJC_ISA_USAGE = YES_ERROR;
				CLANG_WARN_EMPTY_BODY = YES;
				CLANG_WARN_ENUM_CONVERSION = YES;
				CLANG_WARN_INT_CONVERSION = YES;
				CLANG_WARN_OBJC_ROOT_CLASS = YES_ERROR;
				CLANG_WARN_UNREACHABLE_CODE = YES;
				CLANG_WARN__DUPLICATE_METHOD_MATCH = YES;
				CODE_SIGN_IDENTITY = "iPhone Developer: Zhe Zhang (H7W7W7S4CJ)";
				"CODE_SIGN_IDENTITY[sdk=iphoneos*]" = "iPhone Developer: Zhe Zhang (H7W7W7S4CJ)";
				COPY_PHASE_STRIP = NO;
				DEBUG_INFORMATION_FORMAT = dwarf;
				ENABLE_STRICT_OBJC_MSGSEND = YES;
				ENABLE_TESTABILITY = YES;
				GCC_C_LANGUAGE_STANDARD = gnu99;
				GCC_DYNAMIC_NO_PIC = NO;
				GCC_NO_COMMON_BLOCKS = YES;
				GCC_OPTIMIZATION_LEVEL = 0;
				GCC_PREPROCESSOR_DEFINITIONS = (
					"DEBUG=1",
					"$(inherited)",
				);
				GCC_WARN_64_TO_32_BIT_CONVERSION = YES;
				GCC_WARN_ABOUT_RETURN_TYPE = YES_ERROR;
				GCC_WARN_UNDECLARED_SELECTOR = YES;
				GCC_WARN_UNINITIALIZED_AUTOS = YES_AGGRESSIVE;
				GCC_WARN_UNUSED_FUNCTION = YES;
				GCC_WARN_UNUSED_VARIABLE = YES;
				IPHONEOS_DEPLOYMENT_TARGET = 9.2;
				MTL_ENABLE_DEBUG_INFO = YES;
				ONLY_ACTIVE_ARCH = YES;
				PROVISIONING_PROFILE = "6f5939ca-ffa8-4bb1-8ea8-e133236db53b";
				SDKROOT = iphoneos;
				SWIFT_OPTIMIZATION_LEVEL = "-Onone";
			};
			name = Debug;
		};
		C4987FF51C27E96E001F5A62 /* Release */ = {
			isa = XCBuildConfiguration;
			buildSettings = {
				ALWAYS_SEARCH_USER_PATHS = NO;
				CLANG_CXX_LANGUAGE_STANDARD = "gnu++0x";
				CLANG_CXX_LIBRARY = "libc++";
				CLANG_ENABLE_MODULES = YES;
				CLANG_ENABLE_OBJC_ARC = YES;
				CLANG_WARN_BOOL_CONVERSION = YES;
				CLANG_WARN_CONSTANT_CONVERSION = YES;
				CLANG_WARN_DIRECT_OBJC_ISA_USAGE = YES_ERROR;
				CLANG_WARN_EMPTY_BODY = YES;
				CLANG_WARN_ENUM_CONVERSION = YES;
				CLANG_WARN_INT_CONVERSION = YES;
				CLANG_WARN_OBJC_ROOT_CLASS = YES_ERROR;
				CLANG_WARN_UNREACHABLE_CODE = YES;
				CLANG_WARN__DUPLICATE_METHOD_MATCH = YES;
				CODE_SIGN_IDENTITY = "iPhone Developer: Zhe Zhang (H7W7W7S4CJ)";
				"CODE_SIGN_IDENTITY[sdk=iphoneos*]" = "iPhone Developer: Zhe Zhang (H7W7W7S4CJ)";
				COPY_PHASE_STRIP = NO;
				DEBUG_INFORMATION_FORMAT = "dwarf-with-dsym";
				ENABLE_NS_ASSERTIONS = NO;
				ENABLE_STRICT_OBJC_MSGSEND = YES;
				GCC_C_LANGUAGE_STANDARD = gnu99;
				GCC_NO_COMMON_BLOCKS = YES;
				GCC_WARN_64_TO_32_BIT_CONVERSION = YES;
				GCC_WARN_ABOUT_RETURN_TYPE = YES_ERROR;
				GCC_WARN_UNDECLARED_SELECTOR = YES;
				GCC_WARN_UNINITIALIZED_AUTOS = YES_AGGRESSIVE;
				GCC_WARN_UNUSED_FUNCTION = YES;
				GCC_WARN_UNUSED_VARIABLE = YES;
				IPHONEOS_DEPLOYMENT_TARGET = 9.2;
				MTL_ENABLE_DEBUG_INFO = NO;
				PROVISIONING_PROFILE = "6f5939ca-ffa8-4bb1-8ea8-e133236db53b";
				SDKROOT = iphoneos;
				VALIDATE_PRODUCT = YES;
			};
			name = Release;
		};
		C4987FF71C27E96E001F5A62 /* Debug */ = {
			isa = XCBuildConfiguration;
			buildSettings = {
				ASSETCATALOG_COMPILER_APPICON_NAME = AppIcon;
				ASSETCATALOG_COMPILER_LAUNCHIMAGE_NAME = LaunchImage;
				CODE_SIGN_IDENTITY = "iPhone Developer";
				"CODE_SIGN_IDENTITY[sdk=iphoneos*]" = "iPhone Developer";
				EMBEDDED_CONTENT_CONTAINS_SWIFT = YES;
				INFOPLIST_FILE = SnapKitDemo/Info.plist;
				IPHONEOS_DEPLOYMENT_TARGET = 9.2;
				LD_RUNPATH_SEARCH_PATHS = "$(inherited) @executable_path/Frameworks";
				PRODUCT_BUNDLE_IDENTIFIER = com.peeryuan.SnapKitDemo;
				PRODUCT_NAME = "$(TARGET_NAME)";
				PROVISIONING_PROFILE = "";
			};
			name = Debug;
		};
		C4987FF81C27E96E001F5A62 /* Release */ = {
			isa = XCBuildConfiguration;
			buildSettings = {
				ASSETCATALOG_COMPILER_APPICON_NAME = AppIcon;
				ASSETCATALOG_COMPILER_LAUNCHIMAGE_NAME = LaunchImage;
				CODE_SIGN_IDENTITY = "iPhone Developer";
				"CODE_SIGN_IDENTITY[sdk=iphoneos*]" = "iPhone Developer";
				EMBEDDED_CONTENT_CONTAINS_SWIFT = YES;
				INFOPLIST_FILE = SnapKitDemo/Info.plist;
				IPHONEOS_DEPLOYMENT_TARGET = 9.2;
				LD_RUNPATH_SEARCH_PATHS = "$(inherited) @executable_path/Frameworks";
				PRODUCT_BUNDLE_IDENTIFIER = com.peeryuan.SnapKitDemo;
				PRODUCT_NAME = "$(TARGET_NAME)";
				PROVISIONING_PROFILE = "";
			};
			name = Release;
		};
/* End XCBuildConfiguration section */

/* Begin XCConfigurationList section */
		C4987FDF1C27E96E001F5A62 /* Build configuration list for PBXProject "SnapKitDemo" */ = {
			isa = XCConfigurationList;
			buildConfigurations = (
				C4987FF41C27E96E001F5A62 /* Debug */,
				C4987FF51C27E96E001F5A62 /* Release */,
			);
			defaultConfigurationIsVisible = 0;
			defaultConfigurationName = Release;
		};
		C4987FF61C27E96E001F5A62 /* Build configuration list for PBXNativeTarget "SnapKitDemo" */ = {
			isa = XCConfigurationList;
			buildConfigurations = (
				C4987FF71C27E96E001F5A62 /* Debug */,
				C4987FF81C27E96E001F5A62 /* Release */,
			);
			defaultConfigurationIsVisible = 0;
			defaultConfigurationName = Release;
		};
/* End XCConfigurationList section */
	};
	rootObject = C4987FDC1C27E96E001F5A62 /* Project object */;
}
